<?xml version="1.0" encoding="UTF-8" standalone="yes" ?>
<CodeBlocks_project_file>
	<FileVersion major="1" minor="6" />
	<Project>
		<Option title="ADB SC Edit Dll" />
		<Option pch_mode="2" />
		<Option compiler="gcc" />
		<Build>
			<Target title="Debug">
				<Option output="../bin/Debug/ADBSCEdit" prefix_auto="1" extension_auto="1" />
				<Option object_output="../obj/Debug/" />
				<Option type="3" />
				<Option compiler="gcc" />
				<Option parameters="aaa" />
				<Option host_application="../bin/Debug/TestADBSCEditDLL.exe" />
				<Option run_host_application_in_terminal="0" />
				<Option createDefFile="1" />
				<Compiler>
					<Add option="-g3" />
					<Add option="-D_BUILD_TRACE=0" />
					<Add option="-D_DEBUG" />
				</Compiler>
				<Linker>
					<Add option="-L../bin/Debug" />
				</Linker>
			</Target>
			<Target title="Release">
				<Option output="../bin/Release/ADBSCEdit" prefix_auto="1" extension_auto="1" />
				<Option object_output="../obj/Release/" />
				<Option type="3" />
				<Option compiler="gcc" />
				<Option host_application="../bin/Release/TestADBSCEditDLL.exe" />
				<Option run_host_application_in_terminal="0" />
				<Option createDefFile="1" />
				<Compiler>
					<Add option="-O2" />
					<Add option="-flto" />
					<Add option="-static" />
					<Add option="-static-libgcc" />
					<Add option="-static-libstdc++" />
					<Add option="-D_BUILD_TRACE=0" />
				</Compiler>
				<Linker>
					<Add option="-s" />
					<Add option="-L../bin/Release" />
				</Linker>
				<ExtraCommands>
					<Add after="upx -9 ../bin/Release/ADBSCEdit.dll" />
				</ExtraCommands>
			</Target>
		</Build>
		<Compiler>
			<Add option="-std=c++17" />
			<Add option="-Wall" />
			<Add option="-Wextra" />
			<Add option="-fexceptions" />
			<Add option="-Wno-unknown-pragmas" />
			<Add option="-D_BUILD_DLL=1" />
			<Add option="-D_BUILD_LUA_EDITOR=1" />
			<Add directory="src" />
			<Add directory="../ADBViewer/src/extern" />
			<Add directory="../../../../__LIB__/LUA/include" />
			<Add directory="../../../../__LIB__/Scintilla/v420/include" />
			<Add directory="../ADBViewer/src/App/plugin/plugin-lua/ImageLite" />
			<Add directory="../ADBViewer/src/App/plugin/plugin-lua/LuaEngine" />
		</Compiler>
		<Linker>
			<Add option="-Wl,--start-group" />
			<Add option="-lcomctl32" />
			<Add option="-lcomdlg32" />
			<Add option="-lwtsapi32" />
			<Add option="-lws2_32" />
			<Add option="-luser32" />
			<Add option="-limm32" />
			<Add option="-lole32" />
			<Add option="-loleaut32" />
			<Add option="-lmsimg32" />
			<Add option="-lkernel32" />
			<Add option="-lgdi32" />
			<Add option="-lgdiplus" />
			<Add option="-luuid" />
			<Add option="-lshlwapi" />
			<Add option="-lm" />
			<Add option="-lgomp" />
			<Add option="-llua53" />
			<Add option="-lscintilla" />
			<Add option="-Wl,--end-group" />
			<Add directory="C:/__BuildSource/__LIB__/LUA/lib/static" />
			<Add directory="C:/__BuildSource/__LIB__/Scintilla/v420/bin" />
		</Linker>
		<Unit filename="../ADBViewer/src/App/plugin/plugin-lua/ImageLite/ImageLite.h" />
		<Unit filename="../ADBViewer/src/App/plugin/plugin-lua/ImageLite/ImageLiteDraw.cpp" />
		<Unit filename="../ADBViewer/src/App/plugin/plugin-lua/ImageLite/ImageLiteDraw.h" />
		<Unit filename="../ADBViewer/src/App/plugin/plugin-lua/ImageLite/ImageLiteFormater.cpp" />
		<Unit filename="../ADBViewer/src/App/plugin/plugin-lua/ImageLite/ImageLiteFormater.h" />
		<Unit filename="../ADBViewer/src/App/plugin/plugin-lua/ImageLite/ImageLiteRGBbuffer.cpp" />
		<Unit filename="../ADBViewer/src/App/plugin/plugin-lua/ImageLite/ImageLiteRGBbuffer.h" />
		<Unit filename="../ADBViewer/src/App/plugin/plugin-lua/LuaEngine/LuaBind.cpp" />
		<Unit filename="../ADBViewer/src/App/plugin/plugin-lua/LuaEngine/LuaBind/lua_adbClick.cxx">
			<Option compile="0" />
			<Option link="0" />
		</Unit>
		<Unit filename="../ADBViewer/src/App/plugin/plugin-lua/LuaEngine/LuaBind/lua_adbKey.cxx">
			<Option compile="0" />
			<Option link="0" />
		</Unit>
		<Unit filename="../ADBViewer/src/App/plugin/plugin-lua/LuaEngine/LuaBind/lua_adbSwipe.cxx">
			<Option compile="0" />
			<Option link="0" />
		</Unit>
		<Unit filename="../ADBViewer/src/App/plugin/plugin-lua/LuaEngine/LuaBind/lua_adbText.cxx">
			<Option compile="0" />
			<Option link="0" />
		</Unit>
		<Unit filename="../ADBViewer/src/App/plugin/plugin-lua/LuaEngine/LuaBind/lua_checkPixelByCord.cxx">
			<Option compile="0" />
			<Option link="0" />
		</Unit>
		<Unit filename="../ADBViewer/src/App/plugin/plugin-lua/LuaEngine/LuaBind/lua_checkPixelByPos.cxx">
			<Option compile="0" />
			<Option link="0" />
		</Unit>
		<Unit filename="../ADBViewer/src/App/plugin/plugin-lua/LuaEngine/LuaBind/lua_checkPixelsByCord.cxx">
			<Option compile="0" />
			<Option link="0" />
		</Unit>
		<Unit filename="../ADBViewer/src/App/plugin/plugin-lua/LuaEngine/LuaBind/lua_checkPixelsByPos.cxx">
			<Option compile="0" />
			<Option link="0" />
		</Unit>
		<Unit filename="../ADBViewer/src/App/plugin/plugin-lua/LuaEngine/LuaBind/lua_checkTime.cxx">
			<Option compile="0" />
			<Option link="0" />
		</Unit>
		<Unit filename="../ADBViewer/src/App/plugin/plugin-lua/LuaEngine/LuaBind/lua_function.h" />
		<Unit filename="../ADBViewer/src/App/plugin/plugin-lua/LuaEngine/LuaBind/lua_function_static.cxx">
			<Option compile="0" />
			<Option link="0" />
		</Unit>
		<Unit filename="../ADBViewer/src/App/plugin/plugin-lua/LuaEngine/LuaBind/lua_imageCompare.cxx">
			<Option compile="0" />
			<Option link="0" />
		</Unit>
		<Unit filename="../ADBViewer/src/App/plugin/plugin-lua/LuaEngine/LuaBind/lua_imageCompareRegion.cxx">
			<Option compile="0" />
			<Option link="0" />
		</Unit>
		<Unit filename="../ADBViewer/src/App/plugin/plugin-lua/LuaEngine/LuaBind/lua_imageDefault.cxx">
			<Option compile="0" />
			<Option link="0" />
		</Unit>
		<Unit filename="../ADBViewer/src/App/plugin/plugin-lua/LuaEngine/LuaBind/lua_imageGetPosition.cxx">
			<Option compile="0" />
			<Option link="0" />
		</Unit>
		<Unit filename="../ADBViewer/src/App/plugin/plugin-lua/LuaEngine/LuaBind/lua_imageSave.cxx">
			<Option compile="0" />
			<Option link="0" />
		</Unit>
		<Unit filename="../ADBViewer/src/App/plugin/plugin-lua/LuaEngine/LuaBind/lua_imageShow.cxx">
			<Option compile="0" />
			<Option link="0" />
		</Unit>
		<Unit filename="../ADBViewer/src/App/plugin/plugin-lua/LuaEngine/LuaBind/lua_imageTableShow.cxx">
			<Option compile="0" />
			<Option link="0" />
		</Unit>
		<Unit filename="../ADBViewer/src/App/plugin/plugin-lua/LuaEngine/LuaBind/lua_screenGet.cxx">
			<Option compile="0" />
			<Option link="0" />
		</Unit>
		<Unit filename="../ADBViewer/src/App/plugin/plugin-lua/LuaEngine/LuaBind/lua_screenGetCord.cxx">
			<Option compile="0" />
			<Option link="0" />
		</Unit>
		<Unit filename="../ADBViewer/src/App/plugin/plugin-lua/LuaEngine/LuaBind/lua_stateGet.cxx">
			<Option compile="0" />
			<Option link="0" />
		</Unit>
		<Unit filename="../ADBViewer/src/App/plugin/plugin-lua/LuaEngine/LuaBind/lua_stateSet.cxx">
			<Option compile="0" />
			<Option link="0" />
		</Unit>
		<Unit filename="../ADBViewer/src/App/plugin/plugin-lua/LuaEngine/LuaBind/lua_stateSleep.cxx">
			<Option compile="0" />
			<Option link="0" />
		</Unit>
		<Unit filename="../ADBViewer/src/App/plugin/plugin-lua/LuaEngine/LuaEngine.Editor.DebugData.cxx">
			<Option compile="0" />
			<Option link="0" />
		</Unit>
		<Unit filename="../ADBViewer/src/App/plugin/plugin-lua/LuaEngine/LuaEngine.Editor.String.h" />
		<Unit filename="../ADBViewer/src/App/plugin/plugin-lua/LuaEngine/LuaEngine.Editor.cpp" />
		<Unit filename="../ADBViewer/src/App/plugin/plugin-lua/LuaEngine/LuaEngine.Editor.h" />
		<Unit filename="../ADBViewer/src/App/plugin/plugin-lua/LuaEngine/LuaLint.cpp" />
		<Unit filename="../ADBViewer/src/App/plugin/plugin-lua/LuaEngine/LuaLint.h" />
		<Unit filename="../ADBViewer/src/App/plugin/plugin-lua/LuaEngine/LuaMacro.Args.h" />
		<Unit filename="../ADBViewer/src/App/plugin/plugin-lua/LuaEngine/LuaMacro.Editor.h" />
		<Unit filename="../ADBViewer/src/App/plugin/plugin-lua/LuaEngine/LuaMacro.h" />
		<Unit filename="../ADBViewer/src/App/plugin/plugin-lua/LuaEngine/LuaObject.cpp" />
		<Unit filename="../ADBViewer/src/App/plugin/plugin-lua/LuaEngine/LuaObject.h" />
		<Unit filename="../ADBViewer/src/App/plugin/plugin-lua/LuaEngine/LuaObjectImage.cpp" />
		<Unit filename="../ADBViewer/src/App/plugin/plugin-lua/LuaEngine/LuaPlugin.Editor.String.h" />
		<Unit filename="../ADBViewer/src/App/plugin/plugin-lua/LuaEngine/LuaPlugin.Editor.cpp" />
		<Unit filename="../ADBViewer/src/App/plugin/plugin-lua/LuaEngine/LuaPlugin.Editor.h" />
		<Unit filename="../ADBViewer/src/App/plugin/plugin-lua/LuaEngine/LuaPluginFunction.h" />
		<Unit filename="../ADBViewer/src/extern/lodepng.cpp" />
		<Unit filename="../ADBViewer/src/extern/lodepng.h" />
		<Unit filename="src/AppSCEdit.EventChild.cpp" />
		<Unit filename="src/AppSCEdit.EventFrame.cpp" />
		<Unit filename="src/AppSCEdit.String.h" />
		<Unit filename="src/AppSCEdit.cpp" />
		<Unit filename="src/AppSCEdit.h" />
		<Unit filename="src/Event/Frame/Command/cmd_EDITBOX_Control.cxx">
			<Option compile="0" />
			<Option link="0" />
		</Unit>
		<Unit filename="src/Event/Frame/Command/cmd_LUAE_Command.cxx">
			<Option compile="0" />
			<Option link="0" />
		</Unit>
		<Unit filename="src/Event/Frame/Command/cmd_MAIN_Command.cxx">
			<Option compile="0" />
			<Option link="0" />
		</Unit>
		<Unit filename="src/Event/Frame/Command/cmd_TOOLBOX_Control.cxx">
			<Option compile="0" />
			<Option link="0" />
		</Unit>
		<Unit filename="src/Event/Frame/Event.OnCommand.cpp" />
		<Unit filename="src/Event/Frame/Event.OnNCHitTest.cpp" />
		<Unit filename="src/MDIEngine/MDIApp.cpp" />
		<Unit filename="src/MDIEngine/MDIApp.h" />
		<Unit filename="src/MDIEngine/MDIAppConfig.Print.cpp" />
		<Unit filename="src/MDIEngine/MDIAppConfig.cpp" />
		<Unit filename="src/MDIEngine/MDIAppConfig.h" />
		<Unit filename="src/MDIEngine/MDIInternal.h" />
		<Unit filename="src/MDIEngine/MDIWinBase.Override.cpp" />
		<Unit filename="src/MDIEngine/MDIWinBase.Style.cpp" />
		<Unit filename="src/MDIEngine/MDIWinBase.cpp" />
		<Unit filename="src/MDIEngine/MDIWinBase.h" />
		<Unit filename="src/MDIEngine/MDIWinManager.Map.cpp" />
		<Unit filename="src/MDIEngine/MDIWinManager.Position.cpp" />
		<Unit filename="src/MDIEngine/MDIWinManager.cpp" />
		<Unit filename="src/MDIEngine/MDIWinManager.h" />
		<Unit filename="src/MDIEngine/MDIWinTitleBar.cpp" />
		<Unit filename="src/MDIEngine/MDIWinTitleBar.h" />
		<Unit filename="src/SCEditDll.cpp" />
		<Unit filename="src/SCEditDll.h" />
		<Unit filename="src/SCEditDll.rc">
			<Option compilerVar="WINDRES" />
		</Unit>
		<Unit filename="src/SCEditInternal.h" />
		<Unit filename="src/Utils/ExceptionPrint.cpp" />
		<Unit filename="src/Utils/ExceptionPrint.h" />
		<Unit filename="src/Utils/HelperMap.h" />
		<Unit filename="src/Utils/LoadDll.h" />
		<Unit filename="src/Utils/OLE/OLEDataObject.cpp" />
		<Unit filename="src/Utils/OLE/OLEDataObject.h" />
		<Unit filename="src/Utils/OLE/OLEDropSource.cpp" />
		<Unit filename="src/Utils/OLE/OLEDropSource.h" />
		<Unit filename="src/Utils/OLE/OLEDropTarget.cpp" />
		<Unit filename="src/Utils/OLE/OLEDropTarget.h" />
		<Unit filename="src/Utils/OLE/OLEEnumFormat.cpp" />
		<Unit filename="src/Utils/OLE/OLEEnumFormat.h" />
		<Unit filename="src/Utils/OLE/OLEInternal.h" />
		<Unit filename="src/Utils/extern/tinyxml2.cpp" />
		<Unit filename="src/Utils/extern/tinyxml2.h" />
		<Unit filename="src/Utils/extern/tixml2cx.h" />
		<Unit filename="src/Utils/extern/tixml2ex.h" />
		<Unit filename="src/WinClass/ClientWin/ClientWin.cpp" />
		<Unit filename="src/WinClass/ClientWin/ClientWin.h" />
		<Unit filename="src/WinClass/EditBox/EditBox.Navigate.cxx">
			<Option compile="0" />
			<Option link="0" />
		</Unit>
		<Unit filename="src/WinClass/EditBox/EditBox.Notify.cxx">
			<Option compile="0" />
			<Option link="0" />
		</Unit>
		<Unit filename="src/WinClass/EditBox/EditBox.Service.cxx">
			<Option compile="0" />
			<Option link="0" />
		</Unit>
		<Unit filename="src/WinClass/EditBox/EditBox.cpp" />
		<Unit filename="src/WinClass/EditBox/EditBox.h" />
		<Unit filename="src/WinClass/EditBox/EditBoxConstant.h" />
		<Unit filename="src/WinClass/EditBox/EditBoxFile.cpp" />
		<Unit filename="src/WinClass/EditBox/EditBoxStyle.cpp" />
		<Unit filename="src/WinClass/EditBox/EditBoxStyle.h" />
		<Unit filename="src/WinClass/EditBox/EditBoxStyleBase.h" />
		<Unit filename="src/WinClass/HelpWin.h" />
		<Unit filename="src/WinClass/InfoBox/InfoBox.cpp" />
		<Unit filename="src/WinClass/InfoBox/InfoBox.h" />
		<Unit filename="src/WinClass/MainWin/MainWin.cpp" />
		<Unit filename="src/WinClass/MainWin/MainWin.h" />
		<Unit filename="src/WinClass/ToolBar/MenuBar.cpp" />
		<Unit filename="src/WinClass/ToolBar/MenuBar.h" />
		<Unit filename="src/WinClass/ToolBar/ReBar.cpp" />
		<Unit filename="src/WinClass/ToolBar/ReBar.h" />
		<Unit filename="src/WinClass/ToolBar/SearchBar.cpp" />
		<Unit filename="src/WinClass/ToolBar/SearchBar.h" />
		<Unit filename="src/WinClass/ToolBar/ToolBar.cpp" />
		<Unit filename="src/WinClass/ToolBar/ToolBar.h" />
		<Unit filename="src/WinClass/ToolBar/ToolBarItems.h" />
		<Unit filename="src/WinClass/ToolBox/ToolBox.API.cpp" />
		<Unit filename="src/WinClass/ToolBox/ToolBox.Help.cpp" />
		<Unit filename="src/WinClass/ToolBox/ToolBox.Monitor.cpp" />
		<Unit filename="src/WinClass/ToolBox/ToolBox.cpp" />
		<Unit filename="src/WinClass/ToolBox/ToolBox.h" />
		<Unit filename="src/WinClass/WinBase.cpp" />
		<Unit filename="src/WinClass/WinBase.h" />
		<Extensions>
			<code_completion />
			<envvars />
			<debugger />
			<lib_finder disable_auto="1" />
			<DoxyBlocks>
				<comment_style block="0" line="0" />
				<doxyfile_project output_directory="../../docs/adbscedit-ref" />
				<doxyfile_build />
				<doxyfile_warnings />
				<doxyfile_output html="0" html_help="0" man="1" />
				<doxyfile_dot />
				<general />
			</DoxyBlocks>
		</Extensions>
	</Project>
</CodeBlocks_project_file>
