<?xml version="1.0" encoding="UTF-8" standalone="yes" ?>
<CodeBlocks_project_file>
	<FileVersion major="1" minor="6" />
	<Project>
		<Option title="ADB Driver DLL" />
		<Option pch_mode="2" />
		<Option compiler="gcc" />
		<Build>
			<Target title="Debug">
				<Option output="../bin/Debug/ADBDriver" prefix_auto="1" extension_auto="1" />
				<Option object_output="../obj/Debug/" />
				<Option type="3" />
				<Option compiler="gcc" />
				<Option createDefFile="1" />
				<Compiler>
					<Add option="-g" />
					<Add directory="src" />
				</Compiler>
				<Linker>
					<Add option="-lADBDriverPack" />
					<Add option="-L../bin/Debug" />
				</Linker>
			</Target>
			<Target title="Release">
				<Option output="../bin/Release/ADBDriver" prefix_auto="1" extension_auto="1" />
				<Option object_output="../obj/Release/" />
				<Option type="3" />
				<Option compiler="gcc" />
				<Option createDefFile="1" />
				<Compiler>
					<Add option="-O2" />
					<Add directory="src" />
				</Compiler>
				<Linker>
					<Add option="-s" />
					<Add option="-lADBDriverPack" />
					<Add option="-L../bin/Release" />
				</Linker>
				<ExtraCommands>
					<Add after="upx -9 ../bin/Release/ADBDriver.dll" />
				</ExtraCommands>
			</Target>
		</Build>
		<Compiler>
			<Add option="-std=c++17" />
			<Add option="-Wextra" />
			<Add option="-Wall" />
			<Add option="-Wno-unknown-pragmas" />
			<Add option="-D_BUILD_DLL=1" />
		</Compiler>
		<Linker>
			<Add option="-static-libstdc++" />
			<Add option="-static-libgcc" />
			<Add option="-lmingw32" />
			<Add option="-lcomctl32" />
			<Add option="-lcomdlg32" />
			<Add option="-lwtsapi32" />
			<Add option="-lws2_32" />
			<Add option="-luser32" />
			<Add option="-lgdi32" />
		</Linker>
		<Unit filename="../ADBViewer/src/loader.h" />
		<Unit filename="../ADBViewer/src/version.h" />
		<Unit filename="src/ADBDriver.h" />
		<Unit filename="src/ADBDriverDLL.cpp" />
		<Unit filename="src/ADBDriverDLL.rc">
			<Option compilerVar="WINDRES" />
		</Unit>
		<Unit filename="src/Dialog/WINAPI/AdbListDialog/AdbListDialog.cpp" />
		<Unit filename="src/Dialog/WINAPI/AdbListDialog/AdbListDialog.h" />
		<Unit filename="src/Dialog/WINAPI/AdbListDialog/AdbListDialogInternal.h" />
		<Unit filename="src/Dialog/WINAPI/AdbListDialog/Event/OnWM_CHAR.cpp" />
		<Unit filename="src/Dialog/WINAPI/AdbListDialog/Event/OnWM_CLOSE.cpp" />
		<Unit filename="src/Dialog/WINAPI/AdbListDialog/Event/OnWM_COMMAND.cpp" />
		<Unit filename="src/Dialog/WINAPI/AdbListDialog/Event/OnWM_CTLCOLORDLG.cpp" />
		<Unit filename="src/Dialog/WINAPI/AdbListDialog/Event/OnWM_CTLCOLORSTATIC.cpp" />
		<Unit filename="src/Dialog/WINAPI/AdbListDialog/Event/OnWM_DRAWITEM.cpp" />
		<Unit filename="src/Dialog/WINAPI/AdbListDialog/Event/OnWM_INITDIALOG.cpp" />
		<Unit filename="src/Dialog/WINAPI/AdbListDialog/Event/OnWM_NCHITTEST.cpp" />
		<Unit filename="src/Dialog/WINAPI/AdbListDialog/Event/OnWM_NOTIFY.cpp" />
		<Unit filename="src/Dialog/WINAPI/AdbMgrDialog/AdbMgrDialog.cpp" />
		<Unit filename="src/Dialog/WINAPI/AdbMgrDialog/AdbMgrDialog.h" />
		<Unit filename="src/Dialog/WINAPI/AdbMgrDialog/AdbMgrDialogInternal.h" />
		<Unit filename="src/Dialog/WINAPI/AdbMgrDialog/Event/OnWM_CHAR.cpp" />
		<Unit filename="src/Dialog/WINAPI/AdbMgrDialog/Event/OnWM_CLOSE.cpp" />
		<Unit filename="src/Dialog/WINAPI/AdbMgrDialog/Event/OnWM_COMMAND.cpp" />
		<Unit filename="src/Dialog/WINAPI/AdbMgrDialog/Event/OnWM_CTLCOLORDLG.cpp" />
		<Unit filename="src/Dialog/WINAPI/AdbMgrDialog/Event/OnWM_CTLCOLORSTATIC.cpp" />
		<Unit filename="src/Dialog/WINAPI/AdbMgrDialog/Event/OnWM_DRAWITEM.cpp" />
		<Unit filename="src/Dialog/WINAPI/AdbMgrDialog/Event/OnWM_INITDIALOG.cpp" />
		<Unit filename="src/Dialog/WINAPI/AdbMgrDialog/Event/OnWM_NCHITTEST.cpp" />
		<Unit filename="src/Dialog/WINAPI/StyleDialog.cpp" />
		<Unit filename="src/Dialog/WINAPI/StyleDialog.h" />
		<Unit filename="src/Dialog/WINAPI/StyleDialog.rc">
			<Option compilerVar="WINDRES" />
		</Unit>
		<Unit filename="src/Driver.cpp" />
		<Unit filename="src/DriverAsync.h" />
		<Unit filename="src/DriverConst.h" />
		<Unit filename="src/DriverDevice.cpp" />
		<Unit filename="src/DriverExcept.h" />
		<Unit filename="src/DriverInput.cpp" />
		<Unit filename="src/DriverInternal.h" />
		<Unit filename="src/DriverKey.h" />
		<Unit filename="src/DriverNet.cpp" />
		<Unit filename="src/DriverNet.h" />
		<Unit filename="src/DriverProcess.cpp" />
		<Unit filename="src/DriverSocket.cpp" />
		<Unit filename="src/DriverSocket/DriverSocketCapture.cpp">
			<Option compile="0" />
			<Option link="0" />
		</Unit>
		<Unit filename="src/DriverSocket/DriverSocketMake.cpp">
			<Option compile="0" />
			<Option link="0" />
		</Unit>
		<Unit filename="src/DriverSocket/DriverSocketRawCmd.cpp">
			<Option compile="0" />
			<Option link="0" />
		</Unit>
		<Unit filename="src/DriverSocket/DriverSocketReceive.cpp">
			<Option compile="0" />
			<Option link="0" />
		</Unit>
		<Unit filename="src/DriverSocket/DriverSocketSend.cpp">
			<Option compile="0" />
			<Option link="0" />
		</Unit>
		<Unit filename="src/Utils/stdStringUtils.cpp" />
		<Unit filename="src/Utils/stdStringUtils.h" />
		<Unit filename="src/lz4/lz4.c">
			<Option compilerVar="CC" />
			<Option compiler="gcc" use="1" buildCommand="$compiler -std=c17 $options $includes -c $file -o $object" />
		</Unit>
		<Unit filename="src/lz4/lz4.h" />
		<Extensions>
			<code_completion />
			<envvars />
			<debugger />
			<lib_finder disable_auto="1" />
		</Extensions>
	</Project>
</CodeBlocks_project_file>
