<?xml version="1.0" encoding="UTF-8" standalone="yes" ?>
<CodeBlocks_project_file>
	<FileVersion major="1" minor="6" />
	<Project>
		<Option title="Android ADB Viewer" />
		<Option pch_mode="2" />
		<Option compiler="gnu_gcc_compiler_910_msys2" />
		<Build>
			<Target title="Debug">
				<Option output="../bin/Debug/ADBViewer" prefix_auto="1" extension_auto="1" />
				<Option object_output="../obj/Debug/ADBViewer/" />
				<Option type="0" />
				<Option compiler="gnu_gcc_compiler_910_msys2" />
				<Compiler>
					<Add option="-g" />
				</Compiler>
				<Linker>
					<Add option="-L../bin/Debug" />
				</Linker>
			</Target>
			<Target title="Release">
				<Option output="../bin/Release/ADBViewer" prefix_auto="1" extension_auto="1" />
				<Option object_output="../obj/Release/ADBViewer/" />
				<Option type="0" />
				<Option compiler="gnu_gcc_compiler_910_msys2" />
				<Compiler>
					<Add option="-O2" />
				</Compiler>
				<Linker>
					<Add option="-s" />
					<Add option="-L../bin/Release" />
				</Linker>
				<ExtraCommands>
					<Add after="upx -9 ../bin/Release/ADBViewer.exe" />
					<Add after="C:\__Bin\EnigmaVirtualBox\enigmavbconsole.exe ..\ADBViewerInstaller\ADBViewer.evb" />
					<Add after='cmd.exe /C &quot;C:\Program Files\Caphyon\Advanced Installer 16\bin\x86\AdvancedInstaller.com&quot; /rebuild ..\ADBViewerInstaller\Android-ADB-Viewer.aip' />
				</ExtraCommands>
			</Target>
		</Build>
		<Compiler>
			<Add option="-std=c++17" />
			<Add option="-fconcepts" />
			<Add option="-Wextra" />
			<Add option="-Wall" />
			<Add option="-Wno-unknown-pragmas" />
			<Add option="-D_BUILD_FRAME_NO_TITLE=1" />
			<Add directory="C:/__BuildSource/__LIB__/SDL2/include" />
			<Add directory="C:/__BuildSource/__LIB__/pdcurses/include" />
		</Compiler>
		<Linker>
			<Add option="-static-libstdc++" />
			<Add option="-static-libgcc" />
			<Add option="-lmingw32" />
			<Add option="-Wl,--start-group" />
			<Add option="-lSDL2main" />
			<Add option="-lSDL2.dll" />
			<Add option="-lSDL2_ttf.dll" />
			<Add option="-Wl,--end-group" />
			<Add option="-luser32" />
			<Add option="-lgdi32" />
			<Add option="-lwinmm" />
			<Add option="-ldxguid" />
			<Add option="-lADBViewer" />
			<Add option="-lADBDriver" />
			<Add directory="C:/__BuildSource/__LIB__/SDL2/lib" />
		</Linker>
		<Unit filename="../ADBDriverDLL/src/ADBDriver.h" />
		<Unit filename="../ADBViewerDLL/src/ResManager.h" />
		<Unit filename="src/ADBViewer.cpp" />
		<Unit filename="src/ADBViewer.h" />
		<Unit filename="src/ADBViewer.rc">
			<Option compilerVar="WINDRES" />
		</Unit>
		<Unit filename="src/App/App.cpp" />
		<Unit filename="src/App/App.h" />
		<Unit filename="src/App/AppAnimationBender.cpp" />
		<Unit filename="src/App/AppAnimationBender.h" />
		<Unit filename="src/App/AppBrowser/AppBrowser.cpp" />
		<Unit filename="src/App/AppBrowser/AppBrowser.h" />
		<Unit filename="src/App/AppBrowser/AppBrowserList.cpp" />
		<Unit filename="src/App/AppBrowser/AppBrowserList.h" />
		<Unit filename="src/App/AppBrowser/AppBrowserListDraw.cpp" />
		<Unit filename="src/App/AppBrowser/AppBrowserListEvent.cpp" />
		<Unit filename="src/App/AppBrowser/AppBrowserMenu4.cpp" />
		<Unit filename="src/App/AppBrowser/AppBrowserMenu9.cpp" />
		<Unit filename="src/App/AppBrowser/AppBrowserPage.cpp" />
		<Unit filename="src/App/AppBrowser/AppBrowserPage.h" />
		<Unit filename="src/App/AppBrowser/AppBrowserParse.cpp" />
		<Unit filename="src/App/AppBrowser/AppBrowserParse.h" />
		<Unit filename="src/App/AppConfig.cpp" />
		<Unit filename="src/App/AppConfig.h" />
		<Unit filename="src/App/AppConfigUtf8.cpp" />
		<Unit filename="src/App/AppCursor.cpp" />
		<Unit filename="src/App/AppCursor.h" />
		<Unit filename="src/App/AppEditor.cpp" />
		<Unit filename="src/App/AppEditor.h" />
		<Unit filename="src/App/AppInputText.cpp" />
		<Unit filename="src/App/AppInputText.h" />
		<Unit filename="src/App/AppMenuBar.cpp" />
		<Unit filename="src/App/AppMenuBar.h" />
		<Unit filename="src/App/AppMenuBarCmd.cpp" />
		<Unit filename="src/App/AppMenuPopUp.WINAPI.cpp" />
		<Unit filename="src/App/AppMenuPopUp.h" />
		<Unit filename="src/App/AppMessageBar.cpp" />
		<Unit filename="src/App/AppMessageBar.h" />
		<Unit filename="src/App/AppMessageQueue.cpp" />
		<Unit filename="src/App/AppMessageQueue.h" />
		<Unit filename="src/App/AppScreen.WINAPI.cpp" />
		<Unit filename="src/App/AppScreen.cpp" />
		<Unit filename="src/App/AppScreen.h" />
		<Unit filename="src/App/AppSysDialog.WINAPI.cpp" />
		<Unit filename="src/App/AppSysDialog.h" />
		<Unit filename="src/App/AppTerminal/AppTerminal.cpp" />
		<Unit filename="src/App/AppTerminal/AppTerminal.h" />
		<Unit filename="src/App/AppTerminal/AppTerminalInput.cpp" />
		<Unit filename="src/App/AppTerminal/AppTerminalInput.h" />
		<Unit filename="src/App/AppTerminal/AppTerminalInputMenu.cpp" />
		<Unit filename="src/App/AppTerminal/AppTerminalOutput.cpp" />
		<Unit filename="src/App/AppTerminal/AppTerminalOutput.h" />
		<Unit filename="src/App/AppTerminal/AppTerminalPage.cpp" />
		<Unit filename="src/App/AppTerminal/AppTerminalPage.h" />
		<Unit filename="src/App/AppTerminal/AppTerminalPageNuber.cpp" />
		<Unit filename="src/App/AppTerminal/AppTerminalPageNuber.h" />
		<Unit filename="src/App/AppTimer.h" />
		<Unit filename="src/App/AppVideo.cpp" />
		<Unit filename="src/App/AppVideo.h" />
		<Unit filename="src/App/gui/gui.h" />
		<Unit filename="src/App/gui/guiAnimation.cpp" />
		<Unit filename="src/App/gui/guiAnimation.h" />
		<Unit filename="src/App/gui/guiBase.cpp" />
		<Unit filename="src/App/gui/guiBase.h" />
		<Unit filename="src/App/gui/guiCursor.cpp" />
		<Unit filename="src/App/gui/guiCursor.h" />
		<Unit filename="src/App/gui/guiIcon.cpp" />
		<Unit filename="src/App/gui/guiIcon.h" />
		<Unit filename="src/App/gui/guiIconTrigger.cpp" />
		<Unit filename="src/App/gui/guiIconTrigger.h" />
		<Unit filename="src/App/gui/guiMain.WINAPI.cpp" />
		<Unit filename="src/App/gui/guiMain.cpp" />
		<Unit filename="src/App/gui/guiMain.h" />
		<Unit filename="src/App/gui/guiPage.h" />
		<Unit filename="src/App/gui/guiStaticText.cpp" />
		<Unit filename="src/App/gui/guiStaticText.h" />
		<Unit filename="src/App/gui/guiTextInputBox.cpp" />
		<Unit filename="src/App/gui/guiTextInputBox.h" />
		<Unit filename="src/App/plugin/AppIPlugin.h" />
		<Unit filename="src/App/plugin/AppIPluginCallBack.h" />
		<Unit filename="src/App/plugin/AppPluginManager.cpp" />
		<Unit filename="src/App/plugin/AppPluginManager.h" />
		<Unit filename="src/App/plugin/IPluginLoader.FILESYSTEM.h" />
		<Unit filename="src/App/plugin/IPluginLoader.LINUX.h" />
		<Unit filename="src/App/plugin/IPluginLoader.WINAPI.h" />
		<Unit filename="src/App/plugin/IPluginLoader.h" />
		<Unit filename="src/extern/lodepng.cpp" />
		<Unit filename="src/extern/lodepng.h" />
		<Unit filename="src/loader.h" />
		<Unit filename="src/version.h" />
		<Extensions>
			<code_completion />
			<envvars />
			<debugger>
				<search_path add="..\bin\Debug\" />
			</debugger>
			<AutoVersioning>
				<Scheme minor_max="10" build_max="0" rev_max="0" rev_rand_max="10" build_times_to_increment_minor="100" />
				<Settings autoincrement="1" date_declarations="1" use_define="1" update_manifest="0" do_auto_increment="1" ask_to_increment="0" language="C" svn="1" svn_directory="../../.svn" header_path="src/version.h" />
				<Changes_Log show_changes_editor="0" app_title="released version %M.%m.%b of %p" changeslog_path="ChangesLog.txt" />
				<Code header_guard="VERSION_H" namespace="AutoVersion" prefix="AVIEW" />
			</AutoVersioning>
			<DoxyBlocks>
				<comment_style block="0" line="0" />
				<doxyfile_project output_language="Russian" use_auto_version="1" />
				<doxyfile_build />
				<doxyfile_warnings />
				<doxyfile_output html_help="1" rtf="1" />
				<doxyfile_dot />
				<general use_at_in_tags="1" />
			</DoxyBlocks>
		</Extensions>
	</Project>
</CodeBlocks_project_file>
